// !$*UTF8*$!
{
	archiveVersion = 1;
	classes = {
	};
	objectVersion = 51;
	objects = {

/* Begin PBXBuildFile section */
		7D649350AFD2BE3288F509FE /* Pods_Messenger.framework in Frameworks */ = {isa = PBXBuildFile; fileRef = 1C8F03865154B4D9ACD5699F /* Pods_Messenger.framework */; };
		DE05203124EEBFF300AAD92B /* AppDelegate.swift in Sources */ = {isa = PBXBuildFile; fileRef = DE05203024EEBFF300AAD92B /* AppDelegate.swift */; };
		DE05203324EEBFF300AAD92B /* SceneDelegate.swift in Sources */ = {isa = PBXBuildFile; fileRef = DE05203224EEBFF300AAD92B /* SceneDelegate.swift */; };
		DE05203524EEBFF300AAD92B /* ConversationsViewController.swift in Sources */ = {isa = PBXBuildFile; fileRef = DE05203424EEBFF300AAD92B /* ConversationsViewController.swift */; };
		DE05203824EEBFF300AAD92B /* Main.storyboard in Resources */ = {isa = PBXBuildFile; fileRef = DE05203624EEBFF300AAD92B /* Main.storyboard */; };
		DE05203A24EEBFF400AAD92B /* Assets.xcassets in Resources */ = {isa = PBXBuildFile; fileRef = DE05203924EEBFF400AAD92B /* Assets.xcassets */; };
		DE05203D24EEBFF400AAD92B /* LaunchScreen.storyboard in Resources */ = {isa = PBXBuildFile; fileRef = DE05203B24EEBFF400AAD92B /* LaunchScreen.storyboard */; };
		DE05204B24EEC15300AAD92B /* LoginViewController.swift in Sources */ = {isa = PBXBuildFile; fileRef = DE05204A24EEC15300AAD92B /* LoginViewController.swift */; };
		DE05204D24EEC16400AAD92B /* RegisterViewController.swift in Sources */ = {isa = PBXBuildFile; fileRef = DE05204C24EEC16400AAD92B /* RegisterViewController.swift */; };
		DE05204F24EEC18200AAD92B /* PhotoViewerViewController.swift in Sources */ = {isa = PBXBuildFile; fileRef = DE05204E24EEC18200AAD92B /* PhotoViewerViewController.swift */; };
		DE05205124EEC19800AAD92B /* VideoPlayerViewController.swift in Sources */ = {isa = PBXBuildFile; fileRef = DE05205024EEC19800AAD92B /* VideoPlayerViewController.swift */; };
		DE05205324EEC1BE00AAD92B /* NewConversationViewController.swift in Sources */ = {isa = PBXBuildFile; fileRef = DE05205224EEC1BE00AAD92B /* NewConversationViewController.swift */; };
		DE05205524EEC1D900AAD92B /* ProfileViewController.swift in Sources */ = {isa = PBXBuildFile; fileRef = DE05205424EEC1D900AAD92B /* ProfileViewController.swift */; };
		DE32603324FBAC5D0002EB5E /* StorageManager.swift in Sources */ = {isa = PBXBuildFile; fileRef = DE32603224FBAC5D0002EB5E /* StorageManager.swift */; };
		DE667F0B24F2113B00003847 /* DatabaseManager.swift in Sources */ = {isa = PBXBuildFile; fileRef = DE667F0A24F2113B00003847 /* DatabaseManager.swift */; };
		DE6B19AB24EECA43004F21FC /* Extensions.swift in Sources */ = {isa = PBXBuildFile; fileRef = DE6B19AA24EECA43004F21FC /* Extensions.swift */; };
		DE7EA14F2508E0BD00B0DE4D /* NewConversationCell.swift in Sources */ = {isa = PBXBuildFile; fileRef = DE7EA14E2508E0BD00B0DE4D /* NewConversationCell.swift */; };
		DE7EA1512508E4E600B0DE4D /* NewconversationTableViewCell.swift in Sources */ = {isa = PBXBuildFile; fileRef = DE7EA1502508E4E600B0DE4D /* NewconversationTableViewCell.swift */; };
		DEB4CCFD24FE142C00818578 /* ConversationTableViewCell.swift in Sources */ = {isa = PBXBuildFile; fileRef = DEB4CCFB24FE142C00818578 /* ConversationTableViewCell.swift */; };
		DEC7C4E824FAC02400E4F801 /* ChatViewController.swift in Sources */ = {isa = PBXBuildFile; fileRef = DEC7C4E724FAC02400E4F801 /* ChatViewController.swift */; };
		DECE2CB124F204D100635F39 /* GoogleService-Info.plist in Resources */ = {isa = PBXBuildFile; fileRef = DECE2CB024F204D100635F39 /* GoogleService-Info.plist */; };
/* End PBXBuildFile section */

/* Begin PBXFileReference section */
		1C8F03865154B4D9ACD5699F /* Pods_Messenger.framework */ = {isa = PBXFileReference; explicitFileType = wrapper.framework; includeInIndex = 0; path = Pods_Messenger.framework; sourceTree = BUILT_PRODUCTS_DIR; };
		1CE84350798E1D63280FA82F /* Pods-Messenger.release.xcconfig */ = {isa = PBXFileReference; includeInIndex = 1; lastKnownFileType = text.xcconfig; name = "Pods-Messenger.release.xcconfig"; path = "Target Support Files/Pods-Messenger/Pods-Messenger.release.xcconfig"; sourceTree = "<group>"; };
		2791E27C631FB57F52E8DF78 /* Pods-Messenger.debug.xcconfig */ = {isa = PBXFileReference; includeInIndex = 1; lastKnownFileType = text.xcconfig; name = "Pods-Messenger.debug.xcconfig"; path = "Target Support Files/Pods-Messenger/Pods-Messenger.debug.xcconfig"; sourceTree = "<group>"; };
		DE05202D24EEBFF300AAD92B /* Messenger.app */ = {isa = PBXFileReference; explicitFileType = wrapper.application; includeInIndex = 0; path = Messenger.app; sourceTree = BUILT_PRODUCTS_DIR; };
		DE05203024EEBFF300AAD92B /* AppDelegate.swift */ = {isa = PBXFileReference; lastKnownFileType = sourcecode.swift; path = AppDelegate.swift; sourceTree = "<group>"; };
		DE05203224EEBFF300AAD92B /* SceneDelegate.swift */ = {isa = PBXFileReference; lastKnownFileType = sourcecode.swift; path = SceneDelegate.swift; sourceTree = "<group>"; };
		DE05203424EEBFF300AAD92B /* ConversationsViewController.swift */ = {isa = PBXFileReference; lastKnownFileType = sourcecode.swift; path = ConversationsViewController.swift; sourceTree = "<group>"; };
		DE05203724EEBFF300AAD92B /* Base */ = {isa = PBXFileReference; lastKnownFileType = file.storyboard; name = Base; path = Base.lproj/Main.storyboard; sourceTree = "<group>"; };
		DE05203924EEBFF400AAD92B /* Assets.xcassets */ = {isa = PBXFileReference; lastKnownFileType = folder.assetcatalog; path = Assets.xcassets; sourceTree = "<group>"; };
		DE05203C24EEBFF400AAD92B /* Base */ = {isa = PBXFileReference; lastKnownFileType = file.storyboard; name = Base; path = Base.lproj/LaunchScreen.storyboard; sourceTree = "<group>"; };
		DE05203E24EEBFF400AAD92B /* Info.plist */ = {isa = PBXFileReference; lastKnownFileType = text.plist.xml; path = Info.plist; sourceTree = "<group>"; };
		DE05204A24EEC15300AAD92B /* LoginViewController.swift */ = {isa = PBXFileReference; lastKnownFileType = sourcecode.swift; path = LoginViewController.swift; sourceTree = "<group>"; };
		DE05204C24EEC16400AAD92B /* RegisterViewController.swift */ = {isa = PBXFileReference; lastKnownFileType = sourcecode.swift; path = RegisterViewController.swift; sourceTree = "<group>"; };
		DE05204E24EEC18200AAD92B /* PhotoViewerViewController.swift */ = {isa = PBXFileReference; lastKnownFileType = sourcecode.swift; path = PhotoViewerViewController.swift; sourceTree = "<group>"; };
		DE05205024EEC19800AAD92B /* VideoPlayerViewController.swift */ = {isa = PBXFileReference; lastKnownFileType = sourcecode.swift; path = VideoPlayerViewController.swift; sourceTree = "<group>"; };
		DE05205224EEC1BE00AAD92B /* NewConversationViewController.swift */ = {isa = PBXFileReference; lastKnownFileType = sourcecode.swift; path = NewConversationViewController.swift; sourceTree = "<group>"; };
		DE05205424EEC1D900AAD92B /* ProfileViewController.swift */ = {isa = PBXFileReference; lastKnownFileType = sourcecode.swift; path = ProfileViewController.swift; sourceTree = "<group>"; };
		DE32603224FBAC5D0002EB5E /* StorageManager.swift */ = {isa = PBXFileReference; lastKnownFileType = sourcecode.swift; path = StorageManager.swift; sourceTree = "<group>"; };
		DE667F0A24F2113B00003847 /* DatabaseManager.swift */ = {isa = PBXFileReference; lastKnownFileType = sourcecode.swift; path = DatabaseManager.swift; sourceTree = "<group>"; };
		DE6B19AA24EECA43004F21FC /* Extensions.swift */ = {isa = PBXFileReference; lastKnownFileType = sourcecode.swift; path = Extensions.swift; sourceTree = "<group>"; };
		DE7EA14E2508E0BD00B0DE4D /* NewConversationCell.swift */ = {isa = PBXFileReference; lastKnownFileType = sourcecode.swift; path = NewConversationCell.swift; sourceTree = "<group>"; };
		DE7EA1502508E4E600B0DE4D /* NewconversationTableViewCell.swift */ = {isa = PBXFileReference; lastKnownFileType = sourcecode.swift; path = NewconversationTableViewCell.swift; sourceTree = "<group>"; };
		DEB4CCFB24FE142C00818578 /* ConversationTableViewCell.swift */ = {isa = PBXFileReference; lastKnownFileType = sourcecode.swift; path = ConversationTableViewCell.swift; sourceTree = "<group>"; };
		DEC7C4E724FAC02400E4F801 /* ChatViewController.swift */ = {isa = PBXFileReference; lastKnownFileType = sourcecode.swift; path = ChatViewController.swift; sourceTree = "<group>"; };
		DECE2CB024F204D100635F39 /* GoogleService-Info.plist */ = {isa = PBXFileReference; fileEncoding = 4; lastKnownFileType = text.plist.xml; name = "GoogleService-Info.plist"; path = "../../../../../../Downloads/GoogleService-Info.plist"; sourceTree = "<group>"; };
/* End PBXFileReference section */

/* Begin PBXFrameworksBuildPhase section */
		DE05202A24EEBFF300AAD92B /* Frameworks */ = {
			isa = PBXFrameworksBuildPhase;
			buildActionMask = 2147483647;
			files = (
				7D649350AFD2BE3288F509FE /* Pods_Messenger.framework in Frameworks */,
			);
			runOnlyForDeploymentPostprocessing = 0;
		};
/* End PBXFrameworksBuildPhase section */

/* Begin PBXGroup section */
		498A4FE0FB56AA3992AFF8A5 /* Frameworks */ = {
			isa = PBXGroup;
			children = (
				1C8F03865154B4D9ACD5699F /* Pods_Messenger.framework */,
			);
			name = Frameworks;
			sourceTree = "<group>";
		};
		BD4265B42027F8877303CE0E /* Pods */ = {
			isa = PBXGroup;
			children = (
				2791E27C631FB57F52E8DF78 /* Pods-Messenger.debug.xcconfig */,
				1CE84350798E1D63280FA82F /* Pods-Messenger.release.xcconfig */,
			);
			path = Pods;
			sourceTree = "<group>";
		};
		DE05202424EEBFF300AAD92B = {
			isa = PBXGroup;
			children = (
				DE05202F24EEBFF300AAD92B /* Messenger */,
				DE05202E24EEBFF300AAD92B /* Products */,
				BD4265B42027F8877303CE0E /* Pods */,
				498A4FE0FB56AA3992AFF8A5 /* Frameworks */,
			);
			sourceTree = "<group>";
		};
		DE05202E24EEBFF300AAD92B /* Products */ = {
			isa = PBXGroup;
			children = (
				DE05202D24EEBFF300AAD92B /* Messenger.app */,
			);
			name = Products;
			sourceTree = "<group>";
		};
		DE05202F24EEBFF300AAD92B /* Messenger */ = {
			isa = PBXGroup;
			children = (
				DE05204824EEC02400AAD92B /* Resource */,
				DE05204724EEC01D00AAD92B /* VeiwModels */,
				DE05204624EEC01300AAD92B /* Models */,
				DE05204524EEC00A00AAD92B /* views */,
				DE05204424EEBFFC00AAD92B /* controllers */,
				DE05203E24EEBFF400AAD92B /* Info.plist */,
				DECE2CB024F204D100635F39 /* GoogleService-Info.plist */,
			);
			path = Messenger;
			sourceTree = "<group>";
		};
		DE05204424EEBFFC00AAD92B /* controllers */ = {
			isa = PBXGroup;
			children = (
				DE05203424EEBFF300AAD92B /* ConversationsViewController.swift */,
				DE05205624EEC69300AAD92B /* Login */,
				DE05204E24EEC18200AAD92B /* PhotoViewerViewController.swift */,
				DE05205024EEC19800AAD92B /* VideoPlayerViewController.swift */,
				DE05205224EEC1BE00AAD92B /* NewConversationViewController.swift */,
				DE05205424EEC1D900AAD92B /* ProfileViewController.swift */,
				DEC7C4E724FAC02400E4F801 /* ChatViewController.swift */,
			);
			path = controllers;
			sourceTree = "<group>";
		};
		DE05204524EEC00A00AAD92B /* views */ = {
			isa = PBXGroup;
			children = (
				DE05204924EEC04400AAD92B /* Storyboards */,
				DE05203924EEBFF400AAD92B /* Assets.xcassets */,
				DEB4CCFB24FE142C00818578 /* ConversationTableViewCell.swift */,
				DE7EA14E2508E0BD00B0DE4D /* NewConversationCell.swift */,
				DE7EA1502508E4E600B0DE4D /* NewconversationTableViewCell.swift */,
			);
			path = views;
			sourceTree = "<group>";
		};
		DE05204624EEC01300AAD92B /* Models */ = {
			isa = PBXGroup;
			children = (
			);
			path = Models;
			sourceTree = "<group>";
		};
		DE05204724EEC01D00AAD92B /* VeiwModels */ = {
			isa = PBXGroup;
			children = (
			);
			path = VeiwModels;
			sourceTree = "<group>";
		};
		DE05204824EEC02400AAD92B /* Resource */ = {
			isa = PBXGroup;
			children = (
				DE05203024EEBFF300AAD92B /* AppDelegate.swift */,
				DE05203224EEBFF300AAD92B /* SceneDelegate.swift */,
				DE6B19AA24EECA43004F21FC /* Extensions.swift */,
				DE667F0A24F2113B00003847 /* DatabaseManager.swift */,
				DE32603224FBAC5D0002EB5E /* StorageManager.swift */,
			);
			path = Resource;
			sourceTree = "<group>";
		};
		DE05204924EEC04400AAD92B /* Storyboards */ = {
			isa = PBXGroup;
			children = (
				DE05203624EEBFF300AAD92B /* Main.storyboard */,
				DE05203B24EEBFF400AAD92B /* LaunchScreen.storyboard */,
			);
			path = Storyboards;
			sourceTree = "<group>";
		};
		DE05205624EEC69300AAD92B /* Login */ = {
			isa = PBXGroup;
			children = (
				DE05204A24EEC15300AAD92B /* LoginViewController.swift */,
				DE05204C24EEC16400AAD92B /* RegisterViewController.swift */,
			);
			path = Login;
			sourceTree = "<group>";
		};
/* End PBXGroup section */

/* Begin PBXNativeTarget section */
		DE05202C24EEBFF300AAD92B /* Messenger */ = {
			isa = PBXNativeTarget;
			buildConfigurationList = DE05204124EEBFF400AAD92B /* Build configuration list for PBXNativeTarget "Messenger" */;
			buildPhases = (
				623A9D914CEE2BCA653131C1 /* [CP] Check Pods Manifest.lock */,
				DE05202924EEBFF300AAD92B /* Sources */,
				DE05202A24EEBFF300AAD92B /* Frameworks */,
				DE05202B24EEBFF300AAD92B /* Resources */,
				F9FBBDFA3312AA48B88E386B /* [CP] Embed Pods Frameworks */,
				D2D213CCE7ADB69966C3D862 /* [CP] Copy Pods Resources */,
				DE348A5625429AA000C749B7 /* ShellScript */,
			);
			buildRules = (
			);
			dependencies = (
			);
			name = Messenger;
			productName = Messenger;
			productReference = DE05202D24EEBFF300AAD92B /* Messenger.app */;
			productType = "com.apple.product-type.application";
		};
/* End PBXNativeTarget section */

/* Begin PBXProject section */
		DE05202524EEBFF300AAD92B /* Project object */ = {
			isa = PBXProject;
			attributes = {
				LastSwiftUpdateCheck = 1160;
				LastUpgradeCheck = 1160;
				ORGANIZATIONNAME = Terry;
				TargetAttributes = {
					DE05202C24EEBFF300AAD92B = {
						CreatedOnToolsVersion = 11.6;
					};
				};
			};
			buildConfigurationList = DE05202824EEBFF300AAD92B /* Build configuration list for PBXProject "Messenger" */;
			compatibilityVersion = "Xcode 9.3";
			developmentRegion = en;
			hasScannedForEncodings = 0;
			knownRegions = (
				en,
				Base,
			);
			mainGroup = DE05202424EEBFF300AAD92B;
			productRefGroup = DE05202E24EEBFF300AAD92B /* Products */;
			projectDirPath = "";
			projectRoot = "";
			targets = (
				DE05202C24EEBFF300AAD92B /* Messenger */,
			);
		};
/* End PBXProject section */

/* Begin PBXResourcesBuildPhase section */
		DE05202B24EEBFF300AAD92B /* Resources */ = {
			isa = PBXResourcesBuildPhase;
			buildActionMask = 2147483647;
			files = (
				DE05203D24EEBFF400AAD92B /* LaunchScreen.storyboard in Resources */,
				DECE2CB124F204D100635F39 /* GoogleService-Info.plist in Resources */,
				DE05203A24EEBFF400AAD92B /* Assets.xcassets in Resources */,
				DE05203824EEBFF300AAD92B /* Main.storyboard in Resources */,
			);
			runOnlyForDeploymentPostprocessing = 0;
		};
/* End PBXResourcesBuildPhase section */

/* Begin PBXShellScriptBuildPhase section */
		623A9D914CEE2BCA653131C1 /* [CP] Check Pods Manifest.lock */ = {
			isa = PBXShellScriptBuildPhase;
			buildActionMask = 2147483647;
			files = (
			);
			inputFileListPaths = (
			);
			inputPaths = (
				"${PODS_PODFILE_DIR_PATH}/Podfile.lock",
				"${PODS_ROOT}/Manifest.lock",
			);
			name = "[CP] Check Pods Manifest.lock";
			outputFileListPaths = (
			);
			outputPaths = (
				"$(DERIVED_FILE_DIR)/Pods-Messenger-checkManifestLockResult.txt",
			);
			runOnlyForDeploymentPostprocessing = 0;
			shellPath = /bin/sh;
			shellScript = "diff \"${PODS_PODFILE_DIR_PATH}/Podfile.lock\" \"${PODS_ROOT}/Manifest.lock\" > /dev/null\nif [ $? != 0 ] ; then\n    # print error to STDERR\n    echo \"error: The sandbox is not in sync with the Podfile.lock. Run 'pod install' or update your CocoaPods installation.\" >&2\n    exit 1\nfi\n# This output is used by Xcode 'outputs' to avoid re-running this script phase.\necho \"SUCCESS\" > \"${SCRIPT_OUTPUT_FILE_0}\"\n";
			showEnvVarsInLog = 0;
		};
		D2D213CCE7ADB69966C3D862 /* [CP] Copy Pods Resources */ = {
			isa = PBXShellScriptBuildPhase;
			buildActionMask = 2147483647;
			files = (
			);
			inputFileListPaths = (
				"${PODS_ROOT}/Target Support Files/Pods-Messenger/Pods-Messenger-resources-${CONFIGURATION}-input-files.xcfilelist",
			);
			name = "[CP] Copy Pods Resources";
			outputFileListPaths = (
				"${PODS_ROOT}/Target Support Files/Pods-Messenger/Pods-Messenger-resources-${CONFIGURATION}-output-files.xcfilelist",
			);
			runOnlyForDeploymentPostprocessing = 0;
			shellPath = /bin/sh;
			shellScript = "\"${PODS_ROOT}/Target Support Files/Pods-Messenger/Pods-Messenger-resources.sh\"\n";
			showEnvVarsInLog = 0;
		};
		DE348A5625429AA000C749B7 /* ShellScript */ = {
			isa = PBXShellScriptBuildPhase;
			buildActionMask = 2147483647;
			files = (
			);
			inputFileListPaths = (
			);
			inputPaths = (
			);
			outputFileListPaths = (
			);
			outputPaths = (
			);
			runOnlyForDeploymentPostprocessing = 0;
			shellPath = /bin/sh;
			shellScript = "\"${PODS_ROOT}/FirebaseCrashlytics/run\"\n";
		};
		F9FBBDFA3312AA48B88E386B /* [CP] Embed Pods Frameworks */ = {
			isa = PBXShellScriptBuildPhase;
			buildActionMask = 2147483647;
			files = (
			);
			inputFileListPaths = (
				"${PODS_ROOT}/Target Support Files/Pods-Messenger/Pods-Messenger-frameworks-${CONFIGURATION}-input-files.xcfilelist",
			);
			name = "[CP] Embed Pods Frameworks";
			outputFileListPaths = (
				"${PODS_ROOT}/Target Support Files/Pods-Messenger/Pods-Messenger-frameworks-${CONFIGURATION}-output-files.xcfilelist",
			);
			runOnlyForDeploymentPostprocessing = 0;
			shellPath = /bin/sh;
			shellScript = "\"${PODS_ROOT}/Target Support Files/Pods-Messenger/Pods-Messenger-frameworks.sh\"\n";
			showEnvVarsInLog = 0;
		};
/* End PBXShellScriptBuildPhase section */

/* Begin PBXSourcesBuildPhase section */
		DE05202924EEBFF300AAD92B /* Sources */ = {
			isa = PBXSourcesBuildPhase;
			buildActionMask = 2147483647;
			files = (
				DE05204B24EEC15300AAD92B /* LoginViewController.swift in Sources */,
				DE667F0B24F2113B00003847 /* DatabaseManager.swift in Sources */,
				DE7EA14F2508E0BD00B0DE4D /* NewConversationCell.swift in Sources */,
				DE05204D24EEC16400AAD92B /* RegisterViewController.swift in Sources */,
				DE05205324EEC1BE00AAD92B /* NewConversationViewController.swift in Sources */,
				DE05203524EEBFF300AAD92B /* ConversationsViewController.swift in Sources */,
				DE05205124EEC19800AAD92B /* VideoPlayerViewController.swift in Sources */,
				DE6B19AB24EECA43004F21FC /* Extensions.swift in Sources */,
				DE05203124EEBFF300AAD92B /* AppDelegate.swift in Sources */,
				DE7EA1512508E4E600B0DE4D /* NewconversationTableViewCell.swift in Sources */,
				DE05205524EEC1D900AAD92B /* ProfileViewController.swift in Sources */,
				DE05203324EEBFF300AAD92B /* SceneDelegate.swift in Sources */,
				DEB4CCFD24FE142C00818578 /* ConversationTableViewCell.swift in Sources */,
				DEC7C4E824FAC02400E4F801 /* ChatViewController.swift in Sources */,
				DE05204F24EEC18200AAD92B /* PhotoViewerViewController.swift in Sources */,
				DE32603324FBAC5D0002EB5E /* StorageManager.swift in Sources */,
			);
			runOnlyForDeploymentPostprocessing = 0;
		};
/* End PBXSourcesBuildPhase section */

/* Begin PBXVariantGroup section */
		DE05203624EEBFF300AAD92B /* Main.storyboard */ = {
			isa = PBXVariantGroup;
			children = (
				DE05203724EEBFF300AAD92B /* Base */,
			);
			name = Main.storyboard;
			sourceTree = "<group>";
		};
		DE05203B24EEBFF400AAD92B /* LaunchScreen.storyboard */ = {
			isa = PBXVariantGroup;
			children = (
				DE05203C24EEBFF400AAD92B /* Base */,
			);
			name = LaunchScreen.storyboard;
			sourceTree = "<group>";
		};
/* End PBXVariantGroup section */

/* Begin XCBuildConfiguration section */
		DE05203F24EEBFF400AAD92B /* Debug */ = {
			isa = XCBuildConfiguration;
			buildSettings = {
				ALWAYS_SEARCH_USER_PATHS = NO;
				CLANG_ANALYZER_NONNULL = YES;
				CLANG_ANALYZER_NUMBER_OBJECT_CONVERSION = YES_AGGRESSIVE;
				CLANG_CXX_LANGUAGE_STANDARD = "gnu++14";
				CLANG_CXX_LIBRARY = "libc++";
				CLANG_ENABLE_MODULES = YES;
				CLANG_ENABLE_OBJC_ARC = YES;
				CLANG_ENABLE_OBJC_WEAK = YES;
				CLANG_WARN_BLOCK_CAPTURE_AUTORELEASING = YES;
				CLANG_WARN_BOOL_CONVERSION = YES;
				CLANG_WARN_COMMA = YES;
				CLANG_WARN_CONSTANT_CONVERSION = YES;
				CLANG_WARN_DEPRECATED_OBJC_IMPLEMENTATIONS = YES;
				CLANG_WARN_DIRECT_OBJC_ISA_USAGE = YES_ERROR;
				CLANG_WARN_DOCUMENTATION_COMMENTS = YES;
				CLANG_WARN_EMPTY_BODY = YES;
				CLANG_WARN_ENUM_CONVERSION = YES;
				CLANG_WARN_INFINITE_RECURSION = YES;
				CLANG_WARN_INT_CONVERSION = YES;
				CLANG_WARN_NON_LITERAL_NULL_CONVERSION = YES;
				CLANG_WARN_OBJC_IMPLICIT_RETAIN_SELF = YES;
				CLANG_WARN_OBJC_LITERAL_CONVERSION = YES;
				CLANG_WARN_OBJC_ROOT_CLASS = YES_ERROR;
				CLANG_WARN_RANGE_LOOP_ANALYSIS = YES;
				CLANG_WARN_STRICT_PROTOTYPES = YES;
				CLANG_WARN_SUSPICIOUS_MOVE = YES;
				CLANG_WARN_UNGUARDED_AVAILABILITY = YES_AGGRESSIVE;
				CLANG_WARN_UNREACHABLE_CODE = YES;
				CLANG_WARN__DUPLICATE_METHOD_MATCH = YES;
				COPY_PHASE_STRIP = NO;
				DEBUG_INFORMATION_FORMAT = dwarf;
				ENABLE_STRICT_OBJC_MSGSEND = YES;
				ENABLE_TESTABILITY = YES;
				GCC_C_LANGUAGE_STANDARD = gnu11;
				GCC_DYNAMIC_NO_PIC = NO;
				GCC_NO_COMMON_BLOCKS = YES;
				GCC_OPTIMIZATION_LEVEL = 0;
				GCC_PREPROCESSOR_DEFINITIONS = (
					"DEBUG=1",
					"$(inherited)",
				);
				GCC_WARN_64_TO_32_BIT_CONVERSION = YES;
				GCC_WARN_ABOUT_RETURN_TYPE = YES_ERROR;
				GCC_WARN_UNDECLARED_SELECTOR = YES;
				GCC_WARN_UNINITIALIZED_AUTOS = YES_AGGRESSIVE;
				GCC_WARN_UNUSED_FUNCTION = YES;
				GCC_WARN_UNUSED_VARIABLE = YES;
				IPHONEOS_DEPLOYMENT_TARGET = 13.6;
				MTL_ENABLE_DEBUG_INFO = INCLUDE_SOURCE;
				MTL_FAST_MATH = YES;
				ONLY_ACTIVE_ARCH = YES;
				SDKROOT = iphoneos;
				SWIFT_ACTIVE_COMPILATION_CONDITIONS = DEBUG;
				SWIFT_OPTIMIZATION_LEVEL = "-Onone";
			};
			name = Debug;
		};
		DE05204024EEBFF400AAD92B /* Release */ = {
			isa = XCBuildConfiguration;
			buildSettings = {
				ALWAYS_SEARCH_USER_PATHS = NO;
				CLANG_ANALYZER_NONNULL = YES;
				CLANG_ANALYZER_NUMBER_OBJECT_CONVERSION = YES_AGGRESSIVE;
				CLANG_CXX_LANGUAGE_STANDARD = "gnu++14";
				CLANG_CXX_LIBRARY = "libc++";
				CLANG_ENABLE_MODULES = YES;
				CLANG_ENABLE_OBJC_ARC = YES;
				CLANG_ENABLE_OBJC_WEAK = YES;
				CLANG_WARN_BLOCK_CAPTURE_AUTORELEASING = YES;
				CLANG_WARN_BOOL_CONVERSION = YES;
				CLANG_WARN_COMMA = YES;
				CLANG_WARN_CONSTANT_CONVERSION = YES;
				CLANG_WARN_DEPRECATED_OBJC_IMPLEMENTATIONS = YES;
				CLANG_WARN_DIRECT_OBJC_ISA_USAGE = YES_ERROR;
				CLANG_WARN_DOCUMENTATION_COMMENTS = YES;
				CLANG_WARN_EMPTY_BODY = YES;
				CLANG_WARN_ENUM_CONVERSION = YES;
				CLANG_WARN_INFINITE_RECURSION = YES;
				CLANG_WARN_INT_CONVERSION = YES;
				CLANG_WARN_NON_LITERAL_NULL_CONVERSION = YES;
				CLANG_WARN_OBJC_IMPLICIT_RETAIN_SELF = YES;
				CLANG_WARN_OBJC_LITERAL_CONVERSION = YES;
				CLANG_WARN_OBJC_ROOT_CLASS = YES_ERROR;
				CLANG_WARN_RANGE_LOOP_ANALYSIS = YES;
				CLANG_WARN_STRICT_PROTOTYPES = YES;
				CLANG_WARN_SUSPICIOUS_MOVE = YES;
				CLANG_WARN_UNGUARDED_AVAILABILITY = YES_AGGRESSIVE;
				CLANG_WARN_UNREACHABLE_CODE = YES;
				CLANG_WARN__DUPLICATE_METHOD_MATCH = YES;
				COPY_PHASE_STRIP = NO;
				DEBUG_INFORMATION_FORMAT = "dwarf-with-dsym";
				ENABLE_NS_ASSERTIONS = NO;
				ENABLE_STRICT_OBJC_MSGSEND = YES;
				GCC_C_LANGUAGE_STANDARD = gnu11;
				GCC_NO_COMMON_BLOCKS = YES;
				GCC_WARN_64_TO_32_BIT_CONVERSION = YES;
				GCC_WARN_ABOUT_RETURN_TYPE = YES_ERROR;
				GCC_WARN_UNDECLARED_SELECTOR = YES;
				GCC_WARN_UNINITIALIZED_AUTOS = YES_AGGRESSIVE;
				GCC_WARN_UNUSED_FUNCTION = YES;
				GCC_WARN_UNUSED_VARIABLE = YES;
				IPHONEOS_DEPLOYMENT_TARGET = 13.6;
				MTL_ENABLE_DEBUG_INFO = NO;
				MTL_FAST_MATH = YES;
				SDKROOT = iphoneos;
				SWIFT_COMPILATION_MODE = wholemodule;
				SWIFT_OPTIMIZATION_LEVEL = "-O";
				VALIDATE_PRODUCT = YES;
			};
			name = Release;
		};
		DE05204224EEBFF400AAD92B /* Debug */ = {
			isa = XCBuildConfiguration;
			baseConfigurationReference = 2791E27C631FB57F52E8DF78 /* Pods-Messenger.debug.xcconfig */;
			buildSettings = {
				ASSETCATALOG_COMPILER_APPICON_NAME = AppIcon;
				CODE_SIGN_STYLE = Automatic;
				DEVELOPMENT_TEAM = J74H985T9L;
				INFOPLIST_FILE = Messenger/Info.plist;
				LD_RUNPATH_SEARCH_PATHS = (
					"$(inherited)",
					"@executable_path/Frameworks",
				);
				PRODUCT_BUNDLE_IDENTIFIER = com.terry.Messenger;
				PRODUCT_NAME = "$(TARGET_NAME)";
				SWIFT_VERSION = 5.0;
				TARGETED_DEVICE_FAMILY = "1,2";
			};
			name = Debug;
		};
		DE05204324EEBFF400AAD92B /* Release */ = {
			isa = XCBuildConfiguration;
			baseConfigurationReference = 1CE84350798E1D63280FA82F /* Pods-Messenger.release.xcconfig */;
			buildSettings = {
				ASSETCATALOG_COMPILER_APPICON_NAME = AppIcon;
				CODE_SIGN_STYLE = Automatic;
				DEVELOPMENT_TEAM = J74H985T9L;
				INFOPLIST_FILE = Messenger/Info.plist;
				LD_RUNPATH_SEARCH_PATHS = (
					"$(inherited)",
					"@executable_path/Frameworks",
				);
				PRODUCT_BUNDLE_IDENTIFIER = com.terry.Messenger;
				PRODUCT_NAME = "$(TARGET_NAME)";
				SWIFT_VERSION = 5.0;
				TARGETED_DEVICE_FAMILY = "1,2";
			};
			name = Release;
		};
/* End XCBuildConfiguration section */

/* Begin XCConfigurationList section */
		DE05202824EEBFF300AAD92B /* Build configuration list for PBXProject "Messenger" */ = {
			isa = XCConfigurationList;
			buildConfigurations = (
				DE05203F24EEBFF400AAD92B /* Debug */,
				DE05204024EEBFF400AAD92B /* Release */,
			);
			defaultConfigurationIsVisible = 0;
			defaultConfigurationName = Release;
		};
		DE05204124EEBFF400AAD92B /* Build configuration list for PBXNativeTarget "Messenger" */ = {
			isa = XCConfigurationList;
			buildConfigurations = (
				DE05204224EEBFF400AAD92B /* Debug */,
				DE05204324EEBFF400AAD92B /* Release */,
			);
			defaultConfigurationIsVisible = 0;
			defaultConfigurationName = Release;
		};
/* End XCConfigurationList section */
	};
	rootObject = DE05202524EEBFF300AAD92B /* Project object */;
}
